
Microsoft Visual Studio Solution File, Format Version 12.00
# Visual Studio 14
VisualStudioVersion = 14.0.23107.0
MinimumVisualStudioVersion = 10.0.40219.1
Project("{FAE04EC0-301F-11D3-BF4B-00C04F79EFBC}") = "Wiw.UnitTests", "Wiw.UnitTests\Wiw.UnitTests.csproj", "{913661F7-BFB4-40F1-A59C-6D4278B8840E}"
EndProject
Project("{2150E333-8FDC-42A3-9474-1A3956D46DE8}") = "tests", "tests", "{992FEA07-7224-44F4-9B83-B2CD4DBAA0EA}"
EndProject
Project("{2150E333-8FDC-42A3-9474-1A3956D46DE8}") = "src", "src", "{DCA02CBA-5FBF-48A5-A9AC-AB7E2B46FEBC}"
EndProject
Global
	GlobalSection(SolutionConfigurationPlatforms) = preSolution
		Debug|Any CPU = Debug|Any CPU
		Release|Any CPU = Release|Any CPU
	EndGlobalSection
	GlobalSection(ProjectConfigurationPlatforms) = postSolution
		{913661F7-BFB4-40F1-A59C-6D4278B8840E}.Debug|Any CPU.ActiveCfg = Debug|Any CPU
		{913661F7-BFB4-40F1-A59C-6D4278B8840E}.Debug|Any CPU.Build.0 = Debug|Any CPU
		{913661F7-BFB4-40F1-A59C-6D4278B8840E}.Release|Any CPU.ActiveCfg = Release|Any CPU
		{913661F7-BFB4-40F1-A59C-6D4278B8840E}.Release|Any CPU.Build.0 = Release|Any CPU
	EndGlobalSection
	GlobalSection(SolutionProperties) = preSolution
		HideSolutionNode = FALSE
	EndGlobalSection
	GlobalSection(NestedProjects) = preSolution
		{913661F7-BFB4-40F1-A59C-6D4278B8840E} = {992FEA07-7224-44F4-9B83-B2CD4DBAA0EA}
	EndGlobalSection
EndGlobal
